
Microsoft Visual Studio Solution File, Format Version 11.00
# Visual Studio 2010
Project("{FAE04EC0-301F-11D3-BF4B-00C04F79EFBC}") = "tugasaaaa", "Assembly-CSharp-firstpass.csproj", "{9A5982A3-6A02-4A11-E263-E77362B46225}"
EndProject
Project("{FAE04EC0-301F-11D3-BF4B-00C04F79EFBC}") = "tugasaaaa", "Assembly-CSharp.csproj", "{D54216A6-2797-D264-AB1D-A51A8AFD2413}"
EndProject
Project("{FAE04EC0-301F-11D3-BF4B-00C04F79EFBC}") = "tugasaaaa", "Assembly-CSharp-Editor.csproj", "{39B84103-BB8A-82D7-502B-18B4C56CC435}"
EndProject
Global
	GlobalSection(SolutionConfigurationPlatforms) = preSolution
		Debug|Any CPU = Debug|Any CPU
		Release|Any CPU = Release|Any CPU
	EndGlobalSection
	GlobalSection(ProjectConfigurationPlatforms) = postSolution
		{9A5982A3-6A02-4A11-E263-E77362B46225}.Debug|Any CPU.ActiveCfg = Debug|Any CPU
		{9A5982A3-6A02-4A11-E263-E77362B46225}.Debug|Any CPU.Build.0 = Debug|Any CPU
		{9A5982A3-6A02-4A11-E263-E77362B46225}.Release|Any CPU.ActiveCfg = Release|Any CPU
		{9A5982A3-6A02-4A11-E263-E77362B46225}.Release|Any CPU.Build.0 = Release|Any CPU
		{D54216A6-2797-D264-AB1D-A51A8AFD2413}.Debug|Any CPU.ActiveCfg = Debug|Any CPU
		{D54216A6-2797-D264-AB1D-A51A8AFD2413}.Debug|Any CPU.Build.0 = Debug|Any CPU
		{D54216A6-2797-D264-AB1D-A51A8AFD2413}.Release|Any CPU.ActiveCfg = Release|Any CPU
		{D54216A6-2797-D264-AB1D-A51A8AFD2413}.Release|Any CPU.Build.0 = Release|Any CPU
		{39B84103-BB8A-82D7-502B-18B4C56CC435}.Debug|Any CPU.ActiveCfg = Debug|Any CPU
		{39B84103-BB8A-82D7-502B-18B4C56CC435}.Debug|Any CPU.Build.0 = Debug|Any CPU
		{39B84103-BB8A-82D7-502B-18B4C56CC435}.Release|Any CPU.ActiveCfg = Release|Any CPU
		{39B84103-BB8A-82D7-502B-18B4C56CC435}.Release|Any CPU.Build.0 = Release|Any CPU
	EndGlobalSection
	GlobalSection(SolutionProperties) = preSolution
		HideSolutionNode = FALSE
	EndGlobalSection
	GlobalSection(MonoDevelopProperties) = preSolution
		StartupItem = Assembly-CSharp.csproj
	EndGlobalSection
EndGlobal
